
Microsoft Visual Studio Solution File, Format Version 12.00
# Visual Studio Version 16
VisualStudioVersion = 16.0.30503.244
MinimumVisualStudioVersion = 10.0.40219.1
Project("{9A19103F-16F7-4668-BE54-9A1E7A4F7556}") = "WebApiPlace", "WebApiPlace\WebApiPlace.csproj", "{77B2C3A1-0597-4842-9392-A4102C02851B}"
EndProject
Project("{9A19103F-16F7-4668-BE54-9A1E7A4F7556}") = "Domain", "Domain\Domain.csproj", "{224D2A22-8F36-45AB-BD72-BB962E57B795}"
EndProject
Project("{9A19103F-16F7-4668-BE54-9A1E7A4F7556}") = "Repository", "Repository\Repository.csproj", "{EB848A31-D0D9-479F-B287-A1BDF193FBF2}"
EndProject
Project("{9A19103F-16F7-4668-BE54-9A1E7A4F7556}") = "WebApp", "WebApp\WebApp.csproj", "{454009D4-8EB0-4E70-9BB6-4CB0BC6B463A}"
EndProject
Project("{FAE04EC0-301F-11D3-BF4B-00C04F79EFBC}") = "WebApiPerson", "WebApiPerson\WebApiPerson.csproj", "{E38BB87C-67ED-44AC-9360-20E87D0DC563}"
EndProject
Global
	GlobalSection(SolutionConfigurationPlatforms) = preSolution
		Debug|Any CPU = Debug|Any CPU
		Release|Any CPU = Release|Any CPU
	EndGlobalSection
	GlobalSection(ProjectConfigurationPlatforms) = postSolution
		{77B2C3A1-0597-4842-9392-A4102C02851B}.Debug|Any CPU.ActiveCfg = Debug|Any CPU
		{77B2C3A1-0597-4842-9392-A4102C02851B}.Debug|Any CPU.Build.0 = Debug|Any CPU
		{77B2C3A1-0597-4842-9392-A4102C02851B}.Release|Any CPU.ActiveCfg = Release|Any CPU
		{77B2C3A1-0597-4842-9392-A4102C02851B}.Release|Any CPU.Build.0 = Release|Any CPU
		{224D2A22-8F36-45AB-BD72-BB962E57B795}.Debug|Any CPU.ActiveCfg = Debug|Any CPU
		{224D2A22-8F36-45AB-BD72-BB962E57B795}.Debug|Any CPU.Build.0 = Debug|Any CPU
		{224D2A22-8F36-45AB-BD72-BB962E57B795}.Release|Any CPU.ActiveCfg = Release|Any CPU
		{224D2A22-8F36-45AB-BD72-BB962E57B795}.Release|Any CPU.Build.0 = Release|Any CPU
		{EB848A31-D0D9-479F-B287-A1BDF193FBF2}.Debug|Any CPU.ActiveCfg = Debug|Any CPU
		{EB848A31-D0D9-479F-B287-A1BDF193FBF2}.Debug|Any CPU.Build.0 = Debug|Any CPU
		{EB848A31-D0D9-479F-B287-A1BDF193FBF2}.Release|Any CPU.ActiveCfg = Release|Any CPU
		{EB848A31-D0D9-479F-B287-A1BDF193FBF2}.Release|Any CPU.Build.0 = Release|Any CPU
		{454009D4-8EB0-4E70-9BB6-4CB0BC6B463A}.Debug|Any CPU.ActiveCfg = Debug|Any CPU
		{454009D4-8EB0-4E70-9BB6-4CB0BC6B463A}.Debug|Any CPU.Build.0 = Debug|Any CPU
		{454009D4-8EB0-4E70-9BB6-4CB0BC6B463A}.Release|Any CPU.ActiveCfg = Release|Any CPU
		{454009D4-8EB0-4E70-9BB6-4CB0BC6B463A}.Release|Any CPU.Build.0 = Release|Any CPU
		{E38BB87C-67ED-44AC-9360-20E87D0DC563}.Debug|Any CPU.ActiveCfg = Debug|Any CPU
		{E38BB87C-67ED-44AC-9360-20E87D0DC563}.Debug|Any CPU.Build.0 = Debug|Any CPU
		{E38BB87C-67ED-44AC-9360-20E87D0DC563}.Release|Any CPU.ActiveCfg = Release|Any CPU
		{E38BB87C-67ED-44AC-9360-20E87D0DC563}.Release|Any CPU.Build.0 = Release|Any CPU
	EndGlobalSection
	GlobalSection(SolutionProperties) = preSolution
		HideSolutionNode = FALSE
	EndGlobalSection
	GlobalSection(ExtensibilityGlobals) = postSolution
		SolutionGuid = {75F2AB50-C336-4D71-8F1D-330176D260A4}
	EndGlobalSection
EndGlobal
